// !$*UTF8*$!
{
	archiveVersion = 1;
	classes = {
	};
	objectVersion = 56;
	objects = {

/* Begin PBXBuildFile section */
		F4D170C82B16495E00D8547A /* FruitDetails.swift in Sources */ = {isa = PBXBuildFile; fileRef = F4D170C72B16495E00D8547A /* FruitDetails.swift */; };
		F4D170CA2B16495F00D8547A /* Assets.xcassets in Resources */ = {isa = PBXBuildFile; fileRef = F4D170C92B16495F00D8547A /* Assets.xcassets */; };
		F4D170CD2B16495F00D8547A /* Preview Assets.xcassets in Resources */ = {isa = PBXBuildFile; fileRef = F4D170CC2B16495F00D8547A /* Preview Assets.xcassets */; };
		F4D170D72B16495F00D8547A /* FruitAPITests.swift in Sources */ = {isa = PBXBuildFile; fileRef = F4D170D62B16495F00D8547A /* FruitAPITests.swift */; };
		F4D170E12B16495F00D8547A /* FruitAPIUITests.swift in Sources */ = {isa = PBXBuildFile; fileRef = F4D170E02B16495F00D8547A /* FruitAPIUITests.swift */; };
		F4D170E32B16495F00D8547A /* FruitAPIUITestsLaunchTests.swift in Sources */ = {isa = PBXBuildFile; fileRef = F4D170E22B16495F00D8547A /* FruitAPIUITestsLaunchTests.swift */; };
		F4D170F02B16497400D8547A /* Fruit.swift in Sources */ = {isa = PBXBuildFile; fileRef = F4D170EF2B16497400D8547A /* Fruit.swift */; };
		F4D170F22B164ABB00D8547A /* FruitAPI.swift in Sources */ = {isa = PBXBuildFile; fileRef = F4D170F12B164ABB00D8547A /* FruitAPI.swift */; };
/* End PBXBuildFile section */

/* Begin PBXContainerItemProxy section */
		F4D170D32B16495F00D8547A /* PBXContainerItemProxy */ = {
			isa = PBXContainerItemProxy;
			containerPortal = F4D170BA2B16495E00D8547A /* Project object */;
			proxyType = 1;
			remoteGlobalIDString = F4D170C12B16495E00D8547A;
			remoteInfo = FruitAPI;
		};
		F4D170DD2B16495F00D8547A /* PBXContainerItemProxy */ = {
			isa = PBXContainerItemProxy;
			containerPortal = F4D170BA2B16495E00D8547A /* Project object */;
			proxyType = 1;
			remoteGlobalIDString = F4D170C12B16495E00D8547A;
			remoteInfo = FruitAPI;
		};
/* End PBXContainerItemProxy section */

/* Begin PBXFileReference section */
		F4D170C22B16495E00D8547A /* FruitAPI.app */ = {isa = PBXFileReference; explicitFileType = wrapper.application; includeInIndex = 0; path = FruitAPI.app; sourceTree = BUILT_PRODUCTS_DIR; };
		F4D170C72B16495E00D8547A /* FruitDetails.swift */ = {isa = PBXFileReference; lastKnownFileType = sourcecode.swift; path = FruitDetails.swift; sourceTree = "<group>"; };
		F4D170C92B16495F00D8547A /* Assets.xcassets */ = {isa = PBXFileReference; lastKnownFileType = folder.assetcatalog; path = Assets.xcassets; sourceTree = "<group>"; };
		F4D170CC2B16495F00D8547A /* Preview Assets.xcassets */ = {isa = PBXFileReference; lastKnownFileType = folder.assetcatalog; path = "Preview Assets.xcassets"; sourceTree = "<group>"; };
		F4D170D22B16495F00D8547A /* FruitAPITests.xctest */ = {isa = PBXFileReference; explicitFileType = wrapper.cfbundle; includeInIndex = 0; path = FruitAPITests.xctest; sourceTree = BUILT_PRODUCTS_DIR; };
		F4D170D62B16495F00D8547A /* FruitAPITests.swift */ = {isa = PBXFileReference; lastKnownFileType = sourcecode.swift; path = FruitAPITests.swift; sourceTree = "<group>"; };
		F4D170DC2B16495F00D8547A /* FruitAPIUITests.xctest */ = {isa = PBXFileReference; explicitFileType = wrapper.cfbundle; includeInIndex = 0; path = FruitAPIUITests.xctest; sourceTree = BUILT_PRODUCTS_DIR; };
		F4D170E02B16495F00D8547A /* FruitAPIUITests.swift */ = {isa = PBXFileReference; lastKnownFileType = sourcecode.swift; path = FruitAPIUITests.swift; sourceTree = "<group>"; };
		F4D170E22B16495F00D8547A /* FruitAPIUITestsLaunchTests.swift */ = {isa = PBXFileReference; lastKnownFileType = sourcecode.swift; path = FruitAPIUITestsLaunchTests.swift; sourceTree = "<group>"; };
		F4D170EF2B16497400D8547A /* Fruit.swift */ = {isa = PBXFileReference; lastKnownFileType = sourcecode.swift; path = Fruit.swift; sourceTree = "<group>"; };
		F4D170F12B164ABB00D8547A /* FruitAPI.swift */ = {isa = PBXFileReference; lastKnownFileType = sourcecode.swift; path = FruitAPI.swift; sourceTree = "<group>"; };
/* End PBXFileReference section */

/* Begin PBXFrameworksBuildPhase section */
		F4D170BF2B16495E00D8547A /* Frameworks */ = {
			isa = PBXFrameworksBuildPhase;
			buildActionMask = 2147483647;
			files = (
			);
			runOnlyForDeploymentPostprocessing = 0;
		};
		F4D170CF2B16495F00D8547A /* Frameworks */ = {
			isa = PBXFrameworksBuildPhase;
			buildActionMask = 2147483647;
			files = (
			);
			runOnlyForDeploymentPostprocessing = 0;
		};
		F4D170D92B16495F00D8547A /* Frameworks */ = {
			isa = PBXFrameworksBuildPhase;
			buildActionMask = 2147483647;
			files = (
			);
			runOnlyForDeploymentPostprocessing = 0;
		};
/* End PBXFrameworksBuildPhase section */

/* Begin PBXGroup section */
		F4D170B92B16495E00D8547A = {
			isa = PBXGroup;
			children = (
				F4D170C42B16495E00D8547A /* FruitAPI */,
				F4D170D52B16495F00D8547A /* FruitAPITests */,
				F4D170DF2B16495F00D8547A /* FruitAPIUITests */,
				F4D170C32B16495E00D8547A /* Products */,
			);
			sourceTree = "<group>";
		};
		F4D170C32B16495E00D8547A /* Products */ = {
			isa = PBXGroup;
			children = (
				F4D170C22B16495E00D8547A /* FruitAPI.app */,
				F4D170D22B16495F00D8547A /* FruitAPITests.xctest */,
				F4D170DC2B16495F00D8547A /* FruitAPIUITests.xctest */,
			);
			name = Products;
			sourceTree = "<group>";
		};
		F4D170C42B16495E00D8547A /* FruitAPI */ = {
			isa = PBXGroup;
			children = (
				F4D170C72B16495E00D8547A /* FruitDetails.swift */,
				F4D170F12B164ABB00D8547A /* FruitAPI.swift */,
				F4D170EF2B16497400D8547A /* Fruit.swift */,
				F4D170C92B16495F00D8547A /* Assets.xcassets */,
				F4D170CB2B16495F00D8547A /* Preview Content */,
			);
			path = FruitAPI;
			sourceTree = "<group>";
		};
		F4D170CB2B16495F00D8547A /* Preview Content */ = {
			isa = PBXGroup;
			children = (
				F4D170CC2B16495F00D8547A /* Preview Assets.xcassets */,
			);
			path = "Preview Content";
			sourceTree = "<group>";
		};
		F4D170D52B16495F00D8547A /* FruitAPITests */ = {
			isa = PBXGroup;
			children = (
				F4D170D62B16495F00D8547A /* FruitAPITests.swift */,
			);
			path = FruitAPITests;
			sourceTree = "<group>";
		};
		F4D170DF2B16495F00D8547A /* FruitAPIUITests */ = {
			isa = PBXGroup;
			children = (
				F4D170E02B16495F00D8547A /* FruitAPIUITests.swift */,
				F4D170E22B16495F00D8547A /* FruitAPIUITestsLaunchTests.swift */,
			);
			path = FruitAPIUITests;
			sourceTree = "<group>";
		};
/* End PBXGroup section */

/* Begin PBXNativeTarget section */
		F4D170C12B16495E00D8547A /* FruitAPI */ = {
			isa = PBXNativeTarget;
			buildConfigurationList = F4D170E62B16495F00D8547A /* Build configuration list for PBXNativeTarget "FruitAPI" */;
			buildPhases = (
				F4D170BE2B16495E00D8547A /* Sources */,
				F4D170BF2B16495E00D8547A /* Frameworks */,
				F4D170C02B16495E00D8547A /* Resources */,
			);
			buildRules = (
			);
			dependencies = (
			);
			name = FruitAPI;
			productName = FruitAPI;
			productReference = F4D170C22B16495E00D8547A /* FruitAPI.app */;
			productType = "com.apple.product-type.application";
		};
		F4D170D12B16495F00D8547A /* FruitAPITests */ = {
			isa = PBXNativeTarget;
			buildConfigurationList = F4D170E92B16495F00D8547A /* Build configuration list for PBXNativeTarget "FruitAPITests" */;
			buildPhases = (
				F4D170CE2B16495F00D8547A /* Sources */,
				F4D170CF2B16495F00D8547A /* Frameworks */,
				F4D170D02B16495F00D8547A /* Resources */,
			);
			buildRules = (
			);
			dependencies = (
				F4D170D42B16495F00D8547A /* PBXTargetDependency */,
			);
			name = FruitAPITests;
			productName = FruitAPITests;
			productReference = F4D170D22B16495F00D8547A /* FruitAPITests.xctest */;
			productType = "com.apple.product-type.bundle.unit-test";
		};
		F4D170DB2B16495F00D8547A /* FruitAPIUITests */ = {
			isa = PBXNativeTarget;
			buildConfigurationList = F4D170EC2B16495F00D8547A /* Build configuration list for PBXNativeTarget "FruitAPIUITests" */;
			buildPhases = (
				F4D170D82B16495F00D8547A /* Sources */,
				F4D170D92B16495F00D8547A /* Frameworks */,
				F4D170DA2B16495F00D8547A /* Resources */,
			);
			buildRules = (
			);
			dependencies = (
				F4D170DE2B16495F00D8547A /* PBXTargetDependency */,
			);
			name = FruitAPIUITests;
			productName = FruitAPIUITests;
			productReference = F4D170DC2B16495F00D8547A /* FruitAPIUITests.xctest */;
			productType = "com.apple.product-type.bundle.ui-testing";
		};
/* End PBXNativeTarget section */

/* Begin PBXProject section */
		F4D170BA2B16495E00D8547A /* Project object */ = {
			isa = PBXProject;
			attributes = {
				BuildIndependentTargetsInParallel = 1;
				LastSwiftUpdateCheck = 1430;
				LastUpgradeCheck = 1430;
				TargetAttributes = {
					F4D170C12B16495E00D8547A = {
						CreatedOnToolsVersion = 14.3.1;
					};
					F4D170D12B16495F00D8547A = {
						CreatedOnToolsVersion = 14.3.1;
						TestTargetID = F4D170C12B16495E00D8547A;
					};
					F4D170DB2B16495F00D8547A = {
						CreatedOnToolsVersion = 14.3.1;
						TestTargetID = F4D170C12B16495E00D8547A;
					};
				};
			};
			buildConfigurationList = F4D170BD2B16495E00D8547A /* Build configuration list for PBXProject "FruitAPI" */;
			compatibilityVersion = "Xcode 14.0";
			developmentRegion = en;
			hasScannedForEncodings = 0;
			knownRegions = (
				en,
				Base,
			);
			mainGroup = F4D170B92B16495E00D8547A;
			productRefGroup = F4D170C32B16495E00D8547A /* Products */;
			projectDirPath = "";
			projectRoot = "";
			targets = (
				F4D170C12B16495E00D8547A /* FruitAPI */,
				F4D170D12B16495F00D8547A /* FruitAPITests */,
				F4D170DB2B16495F00D8547A /* FruitAPIUITests */,
			);
		};
/* End PBXProject section */

/* Begin PBXResourcesBuildPhase section */
		F4D170C02B16495E00D8547A /* Resources */ = {
			isa = PBXResourcesBuildPhase;
			buildActionMask = 2147483647;
			files = (
				F4D170CD2B16495F00D8547A /* Preview Assets.xcassets in Resources */,
				F4D170CA2B16495F00D8547A /* Assets.xcassets in Resources */,
			);
			runOnlyForDeploymentPostprocessing = 0;
		};
		F4D170D02B16495F00D8547A /* Resources */ = {
			isa = PBXResourcesBuildPhase;
			buildActionMask = 2147483647;
			files = (
			);
			runOnlyForDeploymentPostprocessing = 0;
		};
		F4D170DA2B16495F00D8547A /* Resources */ = {
			isa = PBXResourcesBuildPhase;
			buildActionMask = 2147483647;
			files = (
			);
			runOnlyForDeploymentPostprocessing = 0;
		};
/* End PBXResourcesBuildPhase section */

/* Begin PBXSourcesBuildPhase section */
		F4D170BE2B16495E00D8547A /* Sources */ = {
			isa = PBXSourcesBuildPhase;
			buildActionMask = 2147483647;
			files = (
				F4D170F02B16497400D8547A /* Fruit.swift in Sources */,
				F4D170C82B16495E00D8547A /* FruitDetails.swift in Sources */,
				F4D170F22B164ABB00D8547A /* FruitAPI.swift in Sources */,
			);
			runOnlyForDeploymentPostprocessing = 0;
		};
		F4D170CE2B16495F00D8547A /* Sources */ = {
			isa = PBXSourcesBuildPhase;
			buildActionMask = 2147483647;
			files = (
				F4D170D72B16495F00D8547A /* FruitAPITests.swift in Sources */,
			);
			runOnlyForDeploymentPostprocessing = 0;
		};
		F4D170D82B16495F00D8547A /* Sources */ = {
			isa = PBXSourcesBuildPhase;
			buildActionMask = 2147483647;
			files = (
				F4D170E32B16495F00D8547A /* FruitAPIUITestsLaunchTests.swift in Sources */,
				F4D170E12B16495F00D8547A /* FruitAPIUITests.swift in Sources */,
			);
			runOnlyForDeploymentPostprocessing = 0;
		};
/* End PBXSourcesBuildPhase section */

/* Begin PBXTargetDependency section */
		F4D170D42B16495F00D8547A /* PBXTargetDependency */ = {
			isa = PBXTargetDependency;
			target = F4D170C12B16495E00D8547A /* FruitAPI */;
			targetProxy = F4D170D32B16495F00D8547A /* PBXContainerItemProxy */;
		};
		F4D170DE2B16495F00D8547A /* PBXTargetDependency */ = {
			isa = PBXTargetDependency;
			target = F4D170C12B16495E00D8547A /* FruitAPI */;
			targetProxy = F4D170DD2B16495F00D8547A /* PBXContainerItemProxy */;
		};
/* End PBXTargetDependency section */

/* Begin XCBuildConfiguration section */
		F4D170E42B16495F00D8547A /* Debug */ = {
			isa = XCBuildConfiguration;
			buildSettings = {
				ALWAYS_SEARCH_USER_PATHS = NO;
				CLANG_ANALYZER_NONNULL = YES;
				CLANG_ANALYZER_NUMBER_OBJECT_CONVERSION = YES_AGGRESSIVE;
				CLANG_CXX_LANGUAGE_STANDARD = "gnu++20";
				CLANG_ENABLE_MODULES = YES;
				CLANG_ENABLE_OBJC_ARC = YES;
				CLANG_ENABLE_OBJC_WEAK = YES;
				CLANG_WARN_BLOCK_CAPTURE_AUTORELEASING = YES;
				CLANG_WARN_BOOL_CONVERSION = YES;
				CLANG_WARN_COMMA = YES;
				CLANG_WARN_CONSTANT_CONVERSION = YES;
				CLANG_WARN_DEPRECATED_OBJC_IMPLEMENTATIONS = YES;
				CLANG_WARN_DIRECT_OBJC_ISA_USAGE = YES_ERROR;
				CLANG_WARN_DOCUMENTATION_COMMENTS = YES;
				CLANG_WARN_EMPTY_BODY = YES;
				CLANG_WARN_ENUM_CONVERSION = YES;
				CLANG_WARN_INFINITE_RECURSION = YES;
				CLANG_WARN_INT_CONVERSION = YES;
				CLANG_WARN_NON_LITERAL_NULL_CONVERSION = YES;
				CLANG_WARN_OBJC_IMPLICIT_RETAIN_SELF = YES;
				CLANG_WARN_OBJC_LITERAL_CONVERSION = YES;
				CLANG_WARN_OBJC_ROOT_CLASS = YES_ERROR;
				CLANG_WARN_QUOTED_INCLUDE_IN_FRAMEWORK_HEADER = YES;
				CLANG_WARN_RANGE_LOOP_ANALYSIS = YES;
				CLANG_WARN_STRICT_PROTOTYPES = YES;
				CLANG_WARN_SUSPICIOUS_MOVE = YES;
				CLANG_WARN_UNGUARDED_AVAILABILITY = YES_AGGRESSIVE;
				CLANG_WARN_UNREACHABLE_CODE = YES;
				CLANG_WARN__DUPLICATE_METHOD_MATCH = YES;
				COPY_PHASE_STRIP = NO;
				DEBUG_INFORMATION_FORMAT = dwarf;
				ENABLE_STRICT_OBJC_MSGSEND = YES;
				ENABLE_TESTABILITY = YES;
				GCC_C_LANGUAGE_STANDARD = gnu11;
				GCC_DYNAMIC_NO_PIC = NO;
				GCC_NO_COMMON_BLOCKS = YES;
				GCC_OPTIMIZATION_LEVEL = 0;
				GCC_PREPROCESSOR_DEFINITIONS = (
					"DEBUG=1",
					"$(inherited)",
				);
				GCC_WARN_64_TO_32_BIT_CONVERSION = YES;
				GCC_WARN_ABOUT_RETURN_TYPE = YES_ERROR;
				GCC_WARN_UNDECLARED_SELECTOR = YES;
				GCC_WARN_UNINITIALIZED_AUTOS = YES_AGGRESSIVE;
				GCC_WARN_UNUSED_FUNCTION = YES;
				GCC_WARN_UNUSED_VARIABLE = YES;
				IPHONEOS_DEPLOYMENT_TARGET = 16.4;
				MTL_ENABLE_DEBUG_INFO = INCLUDE_SOURCE;
				MTL_FAST_MATH = YES;
				ONLY_ACTIVE_ARCH = YES;
				SDKROOT = iphoneos;
				SWIFT_ACTIVE_COMPILATION_CONDITIONS = DEBUG;
				SWIFT_OPTIMIZATION_LEVEL = "-Onone";
			};
			name = Debug;
		};
		F4D170E52B16495F00D8547A /* Release */ = {
			isa = XCBuildConfiguration;
			buildSettings = {
				ALWAYS_SEARCH_USER_PATHS = NO;
				CLANG_ANALYZER_NONNULL = YES;
				CLANG_ANALYZER_NUMBER_OBJECT_CONVERSION = YES_AGGRESSIVE;
				CLANG_CXX_LANGUAGE_STANDARD = "gnu++20";
				CLANG_ENABLE_MODULES = YES;
				CLANG_ENABLE_OBJC_ARC = YES;
				CLANG_ENABLE_OBJC_WEAK = YES;
				CLANG_WARN_BLOCK_CAPTURE_AUTORELEASING = YES;
				CLANG_WARN_BOOL_CONVERSION = YES;
				CLANG_WARN_COMMA = YES;
				CLANG_WARN_CONSTANT_CONVERSION = YES;
				CLANG_WARN_DEPRECATED_OBJC_IMPLEMENTATIONS = YES;
				CLANG_WARN_DIRECT_OBJC_ISA_USAGE = YES_ERROR;
				CLANG_WARN_DOCUMENTATION_COMMENTS = YES;
				CLANG_WARN_EMPTY_BODY = YES;
				CLANG_WARN_ENUM_CONVERSION = YES;
				CLANG_WARN_INFINITE_RECURSION = YES;
				CLANG_WARN_INT_CONVERSION = YES;
				CLANG_WARN_NON_LITERAL_NULL_CONVERSION = YES;
				CLANG_WARN_OBJC_IMPLICIT_RETAIN_SELF = YES;
				CLANG_WARN_OBJC_LITERAL_CONVERSION = YES;
				CLANG_WARN_OBJC_ROOT_CLASS = YES_ERROR;
				CLANG_WARN_QUOTED_INCLUDE_IN_FRAMEWORK_HEADER = YES;
				CLANG_WARN_RANGE_LOOP_ANALYSIS = YES;
				CLANG_WARN_STRICT_PROTOTYPES = YES;
				CLANG_WARN_SUSPICIOUS_MOVE = YES;
				CLANG_WARN_UNGUARDED_AVAILABILITY = YES_AGGRESSIVE;
				CLANG_WARN_UNREACHABLE_CODE = YES;
				CLANG_WARN__DUPLICATE_METHOD_MATCH = YES;
				COPY_PHASE_STRIP = NO;
				DEBUG_INFORMATION_FORMAT = "dwarf-with-dsym";
				ENABLE_NS_ASSERTIONS = NO;
				ENABLE_STRICT_OBJC_MSGSEND = YES;
				GCC_C_LANGUAGE_STANDARD = gnu11;
				GCC_NO_COMMON_BLOCKS = YES;
				GCC_WARN_64_TO_32_BIT_CONVERSION = YES;
				GCC_WARN_ABOUT_RETURN_TYPE = YES_ERROR;
				GCC_WARN_UNDECLARED_SELECTOR = YES;
				GCC_WARN_UNINITIALIZED_AUTOS = YES_AGGRESSIVE;
				GCC_WARN_UNUSED_FUNCTION = YES;
				GCC_WARN_UNUSED_VARIABLE = YES;
				IPHONEOS_DEPLOYMENT_TARGET = 16.4;
				MTL_ENABLE_DEBUG_INFO = NO;
				MTL_FAST_MATH = YES;
				SDKROOT = iphoneos;
				SWIFT_COMPILATION_MODE = wholemodule;
				SWIFT_OPTIMIZATION_LEVEL = "-O";
				VALIDATE_PRODUCT = YES;
			};
			name = Release;
		};
		F4D170E72B16495F00D8547A /* Debug */ = {
			isa = XCBuildConfiguration;
			buildSettings = {
				ASSETCATALOG_COMPILER_APPICON_NAME = AppIcon;
				ASSETCATALOG_COMPILER_GLOBAL_ACCENT_COLOR_NAME = AccentColor;
				CODE_SIGN_STYLE = Automatic;
				CURRENT_PROJECT_VERSION = 1;
				DEVELOPMENT_ASSET_PATHS = "\"FruitAPI/Preview Content\"";
				ENABLE_PREVIEWS = YES;
				GENERATE_INFOPLIST_FILE = YES;
				INFOPLIST_KEY_UIApplicationSceneManifest_Generation = YES;
				INFOPLIST_KEY_UIApplicationSupportsIndirectInputEvents = YES;
				INFOPLIST_KEY_UILaunchScreen_Generation = YES;
				INFOPLIST_KEY_UISupportedInterfaceOrientations_iPad = "UIInterfaceOrientationPortrait UIInterfaceOrientationPortraitUpsideDown UIInterfaceOrientationLandscapeLeft UIInterfaceOrientationLandscapeRight";
				INFOPLIST_KEY_UISupportedInterfaceOrientations_iPhone = "UIInterfaceOrientationPortrait UIInterfaceOrientationLandscapeLeft UIInterfaceOrientationLandscapeRight";
				LD_RUNPATH_SEARCH_PATHS = (
					"$(inherited)",
					"@executable_path/Frameworks",
				);
				MARKETING_VERSION = 1.0;
				PRODUCT_BUNDLE_IDENTIFIER = com.phs.FruitAPI;
				PRODUCT_NAME = "$(TARGET_NAME)";
				SWIFT_EMIT_LOC_STRINGS = YES;
				SWIFT_VERSION = 5.0;
				TARGETED_DEVICE_FAMILY = "1,2";
			};
			name = Debug;
		};
		F4D170E82B16495F00D8547A /* Release */ = {
			isa = XCBuildConfiguration;
			buildSettings = {
				ASSETCATALOG_COMPILER_APPICON_NAME = AppIcon;
				ASSETCATALOG_COMPILER_GLOBAL_ACCENT_COLOR_NAME = AccentColor;
				CODE_SIGN_STYLE = Automatic;
				CURRENT_PROJECT_VERSION = 1;
				DEVELOPMENT_ASSET_PATHS = "\"FruitAPI/Preview Content\"";
				ENABLE_PREVIEWS = YES;
				GENERATE_INFOPLIST_FILE = YES;
				INFOPLIST_KEY_UIApplicationSceneManifest_Generation = YES;
				INFOPLIST_KEY_UIApplicationSupportsIndirectInputEvents = YES;
				INFOPLIST_KEY_UILaunchScreen_Generation = YES;
				INFOPLIST_KEY_UISupportedInterfaceOrientations_iPad = "UIInterfaceOrientationPortrait UIInterfaceOrientationPortraitUpsideDown UIInterfaceOrientationLandscapeLeft UIInterfaceOrientationLandscapeRight";
				INFOPLIST_KEY_UISupportedInterfaceOrientations_iPhone = "UIInterfaceOrientationPortrait UIInterfaceOrientationLandscapeLeft UIInterfaceOrientationLandscapeRight";
				LD_RUNPATH_SEARCH_PATHS = (
					"$(inherited)",
					"@executable_path/Frameworks",
				);
				MARKETING_VERSION = 1.0;
				PRODUCT_BUNDLE_IDENTIFIER = com.phs.FruitAPI;
				PRODUCT_NAME = "$(TARGET_NAME)";
				SWIFT_EMIT_LOC_STRINGS = YES;
				SWIFT_VERSION = 5.0;
				TARGETED_DEVICE_FAMILY = "1,2";
			};
			name = Release;
		};
		F4D170EA2B16495F00D8547A /* Debug */ = {
			isa = XCBuildConfiguration;
			buildSettings = {
				ALWAYS_EMBED_SWIFT_STANDARD_LIBRARIES = YES;
				BUNDLE_LOADER = "$(TEST_HOST)";
				CODE_SIGN_STYLE = Automatic;
				CURRENT_PROJECT_VERSION = 1;
				GENERATE_INFOPLIST_FILE = YES;
				IPHONEOS_DEPLOYMENT_TARGET = 16.4;
				MARKETING_VERSION = 1.0;
				PRODUCT_BUNDLE_IDENTIFIER = com.phs.FruitAPITests;
				PRODUCT_NAME = "$(TARGET_NAME)";
				SWIFT_EMIT_LOC_STRINGS = NO;
				SWIFT_VERSION = 5.0;
				TARGETED_DEVICE_FAMILY = "1,2";
				TEST_HOST = "$(BUILT_PRODUCTS_DIR)/FruitAPI.app/$(BUNDLE_EXECUTABLE_FOLDER_PATH)/FruitAPI";
			};
			name = Debug;
		};
		F4D170EB2B16495F00D8547A /* Release */ = {
			isa = XCBuildConfiguration;
			buildSettings = {
				ALWAYS_EMBED_SWIFT_STANDARD_LIBRARIES = YES;
				BUNDLE_LOADER = "$(TEST_HOST)";
				CODE_SIGN_STYLE = Automatic;
				CURRENT_PROJECT_VERSION = 1;
				GENERATE_INFOPLIST_FILE = YES;
				IPHONEOS_DEPLOYMENT_TARGET = 16.4;
				MARKETING_VERSION = 1.0;
				PRODUCT_BUNDLE_IDENTIFIER = com.phs.FruitAPITests;
				PRODUCT_NAME = "$(TARGET_NAME)";
				SWIFT_EMIT_LOC_STRINGS = NO;
				SWIFT_VERSION = 5.0;
				TARGETED_DEVICE_FAMILY = "1,2";
				TEST_HOST = "$(BUILT_PRODUCTS_DIR)/FruitAPI.app/$(BUNDLE_EXECUTABLE_FOLDER_PATH)/FruitAPI";
			};
			name = Release;
		};
		F4D170ED2B16495F00D8547A /* Debug */ = {
			isa = XCBuildConfiguration;
			buildSettings = {
				ALWAYS_EMBED_SWIFT_STANDARD_LIBRARIES = YES;
				CODE_SIGN_STYLE = Automatic;
				CURRENT_PROJECT_VERSION = 1;
				GENERATE_INFOPLIST_FILE = YES;
				MARKETING_VERSION = 1.0;
				PRODUCT_BUNDLE_IDENTIFIER = com.phs.FruitAPIUITests;
				PRODUCT_NAME = "$(TARGET_NAME)";
				SWIFT_EMIT_LOC_STRINGS = NO;
				SWIFT_VERSION = 5.0;
				TARGETED_DEVICE_FAMILY = "1,2";
				TEST_TARGET_NAME = FruitAPI;
			};
			name = Debug;
		};
		F4D170EE2B16495F00D8547A /* Release */ = {
			isa = XCBuildConfiguration;
			buildSettings = {
				ALWAYS_EMBED_SWIFT_STANDARD_LIBRARIES = YES;
				CODE_SIGN_STYLE = Automatic;
				CURRENT_PROJECT_VERSION = 1;
				GENERATE_INFOPLIST_FILE = YES;
				MARKETING_VERSION = 1.0;
				PRODUCT_BUNDLE_IDENTIFIER = com.phs.FruitAPIUITests;
				PRODUCT_NAME = "$(TARGET_NAME)";
				SWIFT_EMIT_LOC_STRINGS = NO;
				SWIFT_VERSION = 5.0;
				TARGETED_DEVICE_FAMILY = "1,2";
				TEST_TARGET_NAME = FruitAPI;
			};
			name = Release;
		};
/* End XCBuildConfiguration section */

/* Begin XCConfigurationList section */
		F4D170BD2B16495E00D8547A /* Build configuration list for PBXProject "FruitAPI" */ = {
			isa = XCConfigurationList;
			buildConfigurations = (
				F4D170E42B16495F00D8547A /* Debug */,
				F4D170E52B16495F00D8547A /* Release */,
			);
			defaultConfigurationIsVisible = 0;
			defaultConfigurationName = Release;
		};
		F4D170E62B16495F00D8547A /* Build configuration list for PBXNativeTarget "FruitAPI" */ = {
			isa = XCConfigurationList;
			buildConfigurations = (
				F4D170E72B16495F00D8547A /* Debug */,
				F4D170E82B16495F00D8547A /* Release */,
			);
			defaultConfigurationIsVisible = 0;
			defaultConfigurationName = Release;
		};
		F4D170E92B16495F00D8547A /* Build configuration list for PBXNativeTarget "FruitAPITests" */ = {
			isa = XCConfigurationList;
			buildConfigurations = (
				F4D170EA2B16495F00D8547A /* Debug */,
				F4D170EB2B16495F00D8547A /* Release */,
			);
			defaultConfigurationIsVisible = 0;
			defaultConfigurationName = Release;
		};
		F4D170EC2B16495F00D8547A /* Build configuration list for PBXNativeTarget "FruitAPIUITests" */ = {
			isa = XCConfigurationList;
			buildConfigurations = (
				F4D170ED2B16495F00D8547A /* Debug */,
				F4D170EE2B16495F00D8547A /* Release */,
			);
			defaultConfigurationIsVisible = 0;
			defaultConfigurationName = Release;
		};
/* End XCConfigurationList section */
	};
	rootObject = F4D170BA2B16495E00D8547A /* Project object */;
}
